
Microsoft Visual Studio Solution File, Format Version 12.00
# Visual Studio Version 17
VisualStudioVersion = 17.1.32328.378
MinimumVisualStudioVersion = 10.0.40219.1
Project("{FAE04EC0-301F-11D3-BF4B-00C04F79EFBC}") = "ShopItemLists", "ShopItemLists\ShopItemLists.csproj", "{02B199D0-81B5-403C-BF6F-8DDFE12EF5F6}"
EndProject
Global
	GlobalSection(SolutionConfigurationPlatforms) = preSolution
		Debug|Any CPU = Debug|Any CPU
		Release|Any CPU = Release|Any CPU
	EndGlobalSection
	GlobalSection(ProjectConfigurationPlatforms) = postSolution
		{02B199D0-81B5-403C-BF6F-8DDFE12EF5F6}.Debug|Any CPU.ActiveCfg = Debug|Any CPU
		{02B199D0-81B5-403C-BF6F-8DDFE12EF5F6}.Debug|Any CPU.Build.0 = Debug|Any CPU
		{02B199D0-81B5-403C-BF6F-8DDFE12EF5F6}.Release|Any CPU.ActiveCfg = Release|Any CPU
		{02B199D0-81B5-403C-BF6F-8DDFE12EF5F6}.Release|Any CPU.Build.0 = Release|Any CPU
	EndGlobalSection
	GlobalSection(SolutionProperties) = preSolution
		HideSolutionNode = FALSE
	EndGlobalSection
	GlobalSection(ExtensibilityGlobals) = postSolution
		SolutionGuid = {2C41ABC9-2F09-407A-A34A-A11C15FE335F}
	EndGlobalSection
EndGlobal
